// !$*UTF8*$!
{
	archiveVersion = 1;
	classes = {
	};
	objectVersion = 50;
	objects = {

/* Begin PBXBuildFile section */
		375671B22305BFDB008B8533 /* AppDelegate.swift in Sources */ = {isa = PBXBuildFile; fileRef = 375671B12305BFDB008B8533 /* AppDelegate.swift */; };
		375671B72305BFDB008B8533 /* Main.storyboard in Resources */ = {isa = PBXBuildFile; fileRef = 375671B52305BFDB008B8533 /* Main.storyboard */; };
		375671B92305BFDC008B8533 /* Assets.xcassets in Resources */ = {isa = PBXBuildFile; fileRef = 375671B82305BFDC008B8533 /* Assets.xcassets */; };
		375671BC2305BFDC008B8533 /* LaunchScreen.storyboard in Resources */ = {isa = PBXBuildFile; fileRef = 375671BA2305BFDC008B8533 /* LaunchScreen.storyboard */; };
		375671C92305C0A6008B8533 /* Photo.swift in Sources */ = {isa = PBXBuildFile; fileRef = 375671C82305C0A6008B8533 /* Photo.swift */; };
		375671CB2305C1D1008B8533 /* PhotoController.swift in Sources */ = {isa = PBXBuildFile; fileRef = 375671CA2305C1D1008B8533 /* PhotoController.swift */; };
		375671CD2305C476008B8533 /* ThemeHelper.swift in Sources */ = {isa = PBXBuildFile; fileRef = 375671CC2305C476008B8533 /* ThemeHelper.swift */; };
		375671CF2305C822008B8533 /* Default-568h@2x.png in Resources */ = {isa = PBXBuildFile; fileRef = 375671CE2305C822008B8533 /* Default-568h@2x.png */; };
		375671D12305C8F4008B8533 /* PhotosCollectionViewController.swift in Sources */ = {isa = PBXBuildFile; fileRef = 375671D02305C8F4008B8533 /* PhotosCollectionViewController.swift */; };
		375671D32305CDD4008B8533 /* PhotoDetailViewController.swift in Sources */ = {isa = PBXBuildFile; fileRef = 375671D22305CDD4008B8533 /* PhotoDetailViewController.swift */; };
		375671D52305D130008B8533 /* ThemeSelectionViewController.swift in Sources */ = {isa = PBXBuildFile; fileRef = 375671D42305D130008B8533 /* ThemeSelectionViewController.swift */; };
		375671D72305F157008B8533 /* PhotoCollectionViewCell.swift in Sources */ = {isa = PBXBuildFile; fileRef = 375671D62305F157008B8533 /* PhotoCollectionViewCell.swift */; };
/* End PBXBuildFile section */

/* Begin PBXFileReference section */
		375671AE2305BFDB008B8533 /* PhotoCollectionProject.app */ = {isa = PBXFileReference; explicitFileType = wrapper.application; includeInIndex = 0; path = PhotoCollectionProject.app; sourceTree = BUILT_PRODUCTS_DIR; };
		375671B12305BFDB008B8533 /* AppDelegate.swift */ = {isa = PBXFileReference; lastKnownFileType = sourcecode.swift; path = AppDelegate.swift; sourceTree = "<group>"; };
		375671B62305BFDB008B8533 /* Base */ = {isa = PBXFileReference; lastKnownFileType = file.storyboard; name = Base; path = Base.lproj/Main.storyboard; sourceTree = "<group>"; };
		375671B82305BFDC008B8533 /* Assets.xcassets */ = {isa = PBXFileReference; lastKnownFileType = folder.assetcatalog; path = Assets.xcassets; sourceTree = "<group>"; };
		375671BB2305BFDC008B8533 /* Base */ = {isa = PBXFileReference; lastKnownFileType = file.storyboard; name = Base; path = Base.lproj/LaunchScreen.storyboard; sourceTree = "<group>"; };
		375671BD2305BFDC008B8533 /* Info.plist */ = {isa = PBXFileReference; lastKnownFileType = text.plist.xml; path = Info.plist; sourceTree = "<group>"; };
		375671C82305C0A6008B8533 /* Photo.swift */ = {isa = PBXFileReference; lastKnownFileType = sourcecode.swift; path = Photo.swift; sourceTree = "<group>"; };
		375671CA2305C1D1008B8533 /* PhotoController.swift */ = {isa = PBXFileReference; lastKnownFileType = sourcecode.swift; path = PhotoController.swift; sourceTree = "<group>"; };
		375671CC2305C476008B8533 /* ThemeHelper.swift */ = {isa = PBXFileReference; lastKnownFileType = sourcecode.swift; path = ThemeHelper.swift; sourceTree = "<group>"; };
		375671CE2305C822008B8533 /* Default-568h@2x.png */ = {isa = PBXFileReference; lastKnownFileType = image.png; path = "Default-568h@2x.png"; sourceTree = "<group>"; };
		375671D02305C8F4008B8533 /* PhotosCollectionViewController.swift */ = {isa = PBXFileReference; lastKnownFileType = sourcecode.swift; path = PhotosCollectionViewController.swift; sourceTree = "<group>"; };
		375671D22305CDD4008B8533 /* PhotoDetailViewController.swift */ = {isa = PBXFileReference; lastKnownFileType = sourcecode.swift; path = PhotoDetailViewController.swift; sourceTree = "<group>"; };
		375671D42305D130008B8533 /* ThemeSelectionViewController.swift */ = {isa = PBXFileReference; lastKnownFileType = sourcecode.swift; path = ThemeSelectionViewController.swift; sourceTree = "<group>"; };
		375671D62305F157008B8533 /* PhotoCollectionViewCell.swift */ = {isa = PBXFileReference; lastKnownFileType = sourcecode.swift; path = PhotoCollectionViewCell.swift; sourceTree = "<group>"; };
/* End PBXFileReference section */

/* Begin PBXFrameworksBuildPhase section */
		375671AB2305BFDB008B8533 /* Frameworks */ = {
			isa = PBXFrameworksBuildPhase;
			buildActionMask = 2147483647;
			files = (
			);
			runOnlyForDeploymentPostprocessing = 0;
		};
/* End PBXFrameworksBuildPhase section */

/* Begin PBXGroup section */
		375671A52305BFDB008B8533 = {
			isa = PBXGroup;
			children = (
				375671CE2305C822008B8533 /* Default-568h@2x.png */,
				375671B02305BFDB008B8533 /* PhotoCollectionProject */,
				375671AF2305BFDB008B8533 /* Products */,
			);
			sourceTree = "<group>";
		};
		375671AF2305BFDB008B8533 /* Products */ = {
			isa = PBXGroup;
			children = (
				375671AE2305BFDB008B8533 /* PhotoCollectionProject.app */,
			);
			name = Products;
			sourceTree = "<group>";
		};
		375671B02305BFDB008B8533 /* PhotoCollectionProject */ = {
			isa = PBXGroup;
			children = (
				375671C52305BFEE008B8533 /* View Controllers */,
				375671C42305BFEB008B8533 /* Model */,
				375671C32305BFE6008B8533 /* Views */,
				375671C62305C038008B8533 /* Model Controller */,
				375671C72305C06B008B8533 /* Resources */,
			);
			path = PhotoCollectionProject;
			sourceTree = "<group>";
		};
		375671C32305BFE6008B8533 /* Views */ = {
			isa = PBXGroup;
			children = (
				375671CC2305C476008B8533 /* ThemeHelper.swift */,
				375671D62305F157008B8533 /* PhotoCollectionViewCell.swift */,
			);
			path = Views;
			sourceTree = "<group>";
		};
		375671C42305BFEB008B8533 /* Model */ = {
			isa = PBXGroup;
			children = (
				375671C82305C0A6008B8533 /* Photo.swift */,
			);
			path = Model;
			sourceTree = "<group>";
		};
		375671C52305BFEE008B8533 /* View Controllers */ = {
			isa = PBXGroup;
			children = (
				375671D02305C8F4008B8533 /* PhotosCollectionViewController.swift */,
				375671D22305CDD4008B8533 /* PhotoDetailViewController.swift */,
				375671D42305D130008B8533 /* ThemeSelectionViewController.swift */,
			);
			path = "View Controllers";
			sourceTree = "<group>";
		};
		375671C62305C038008B8533 /* Model Controller */ = {
			isa = PBXGroup;
			children = (
				375671CA2305C1D1008B8533 /* PhotoController.swift */,
			);
			path = "Model Controller";
			sourceTree = "<group>";
		};
		375671C72305C06B008B8533 /* Resources */ = {
			isa = PBXGroup;
			children = (
				375671B12305BFDB008B8533 /* AppDelegate.swift */,
				375671B52305BFDB008B8533 /* Main.storyboard */,
				375671B82305BFDC008B8533 /* Assets.xcassets */,
				375671BA2305BFDC008B8533 /* LaunchScreen.storyboard */,
				375671BD2305BFDC008B8533 /* Info.plist */,
			);
			path = Resources;
			sourceTree = "<group>";
		};
/* End PBXGroup section */

/* Begin PBXNativeTarget section */
		375671AD2305BFDB008B8533 /* PhotoCollectionProject */ = {
			isa = PBXNativeTarget;
			buildConfigurationList = 375671C02305BFDC008B8533 /* Build configuration list for PBXNativeTarget "PhotoCollectionProject" */;
			buildPhases = (
				375671AA2305BFDB008B8533 /* Sources */,
				375671AB2305BFDB008B8533 /* Frameworks */,
				375671AC2305BFDB008B8533 /* Resources */,
			);
			buildRules = (
			);
			dependencies = (
			);
			name = PhotoCollectionProject;
			productName = PhotoCollectionProject;
			productReference = 375671AE2305BFDB008B8533 /* PhotoCollectionProject.app */;
			productType = "com.apple.product-type.application";
		};
/* End PBXNativeTarget section */

/* Begin PBXProject section */
		375671A62305BFDB008B8533 /* Project object */ = {
			isa = PBXProject;
			attributes = {
				LastSwiftUpdateCheck = 1030;
				LastUpgradeCheck = 1030;
				ORGANIZATIONNAME = "Bobby Keffury";
				TargetAttributes = {
					375671AD2305BFDB008B8533 = {
						CreatedOnToolsVersion = 10.3;
					};
				};
			};
			buildConfigurationList = 375671A92305BFDB008B8533 /* Build configuration list for PBXProject "PhotoCollectionProject" */;
			compatibilityVersion = "Xcode 9.3";
			developmentRegion = en;
			hasScannedForEncodings = 0;
			knownRegions = (
				en,
				Base,
			);
			mainGroup = 375671A52305BFDB008B8533;
			productRefGroup = 375671AF2305BFDB008B8533 /* Products */;
			projectDirPath = "";
			projectRoot = "";
			targets = (
				375671AD2305BFDB008B8533 /* PhotoCollectionProject */,
			);
		};
/* End PBXProject section */

/* Begin PBXResourcesBuildPhase section */
		375671AC2305BFDB008B8533 /* Resources */ = {
			isa = PBXResourcesBuildPhase;
			buildActionMask = 2147483647;
			files = (
				375671BC2305BFDC008B8533 /* LaunchScreen.storyboard in Resources */,
				375671CF2305C822008B8533 /* Default-568h@2x.png in Resources */,
				375671B92305BFDC008B8533 /* Assets.xcassets in Resources */,
				375671B72305BFDB008B8533 /* Main.storyboard in Resources */,
			);
			runOnlyForDeploymentPostprocessing = 0;
		};
/* End PBXResourcesBuildPhase section */

/* Begin PBXSourcesBuildPhase section */
		375671AA2305BFDB008B8533 /* Sources */ = {
			isa = PBXSourcesBuildPhase;
			buildActionMask = 2147483647;
			files = (
				375671D32305CDD4008B8533 /* PhotoDetailViewController.swift in Sources */,
				375671D72305F157008B8533 /* PhotoCollectionViewCell.swift in Sources */,
				375671C92305C0A6008B8533 /* Photo.swift in Sources */,
				375671CB2305C1D1008B8533 /* PhotoController.swift in Sources */,
				375671CD2305C476008B8533 /* ThemeHelper.swift in Sources */,
				375671D52305D130008B8533 /* ThemeSelectionViewController.swift in Sources */,
				375671D12305C8F4008B8533 /* PhotosCollectionViewController.swift in Sources */,
				375671B22305BFDB008B8533 /* AppDelegate.swift in Sources */,
			);
			runOnlyForDeploymentPostprocessing = 0;
		};
/* End PBXSourcesBuildPhase section */

/* Begin PBXVariantGroup section */
		375671B52305BFDB008B8533 /* Main.storyboard */ = {
			isa = PBXVariantGroup;
			children = (
				375671B62305BFDB008B8533 /* Base */,
			);
			name = Main.storyboard;
			sourceTree = "<group>";
		};
		375671BA2305BFDC008B8533 /* LaunchScreen.storyboard */ = {
			isa = PBXVariantGroup;
			children = (
				375671BB2305BFDC008B8533 /* Base */,
			);
			name = LaunchScreen.storyboard;
			sourceTree = "<group>";
		};
/* End PBXVariantGroup section */

/* Begin XCBuildConfiguration section */
		375671BE2305BFDC008B8533 /* Debug */ = {
			isa = XCBuildConfiguration;
			buildSettings = {
				ALWAYS_SEARCH_USER_PATHS = NO;
				CLANG_ANALYZER_NONNULL = YES;
				CLANG_ANALYZER_NUMBER_OBJECT_CONVERSION = YES_AGGRESSIVE;
				CLANG_CXX_LANGUAGE_STANDARD = "gnu++14";
				CLANG_CXX_LIBRARY = "libc++";
				CLANG_ENABLE_MODULES = YES;
				CLANG_ENABLE_OBJC_ARC = YES;
				CLANG_ENABLE_OBJC_WEAK = YES;
				CLANG_WARN_BLOCK_CAPTURE_AUTORELEASING = YES;
				CLANG_WARN_BOOL_CONVERSION = YES;
				CLANG_WARN_COMMA = YES;
				CLANG_WARN_CONSTANT_CONVERSION = YES;
				CLANG_WARN_DEPRECATED_OBJC_IMPLEMENTATIONS = YES;
				CLANG_WARN_DIRECT_OBJC_ISA_USAGE = YES_ERROR;
				CLANG_WARN_DOCUMENTATION_COMMENTS = YES;
				CLANG_WARN_EMPTY_BODY = YES;
				CLANG_WARN_ENUM_CONVERSION = YES;
				CLANG_WARN_INFINITE_RECURSION = YES;
				CLANG_WARN_INT_CONVERSION = YES;
				CLANG_WARN_NON_LITERAL_NULL_CONVERSION = YES;
				CLANG_WARN_OBJC_IMPLICIT_RETAIN_SELF = YES;
				CLANG_WARN_OBJC_LITERAL_CONVERSION = YES;
				CLANG_WARN_OBJC_ROOT_CLASS = YES_ERROR;
				CLANG_WARN_RANGE_LOOP_ANALYSIS = YES;
				CLANG_WARN_STRICT_PROTOTYPES = YES;
				CLANG_WARN_SUSPICIOUS_MOVE = YES;
				CLANG_WARN_UNGUARDED_AVAILABILITY = YES_AGGRESSIVE;
				CLANG_WARN_UNREACHABLE_CODE = YES;
				CLANG_WARN__DUPLICATE_METHOD_MATCH = YES;
				CODE_SIGN_IDENTITY = "iPhone Developer";
				COPY_PHASE_STRIP = NO;
				DEBUG_INFORMATION_FORMAT = dwarf;
				ENABLE_STRICT_OBJC_MSGSEND = YES;
				ENABLE_TESTABILITY = YES;
				GCC_C_LANGUAGE_STANDARD = gnu11;
				GCC_DYNAMIC_NO_PIC = NO;
				GCC_NO_COMMON_BLOCKS = YES;
				GCC_OPTIMIZATION_LEVEL = 0;
				GCC_PREPROCESSOR_DEFINITIONS = (
					"DEBUG=1",
					"$(inherited)",
				);
				GCC_WARN_64_TO_32_BIT_CONVERSION = YES;
				GCC_WARN_ABOUT_RETURN_TYPE = YES_ERROR;
				GCC_WARN_UNDECLARED_SELECTOR = YES;
				GCC_WARN_UNINITIALIZED_AUTOS = YES_AGGRESSIVE;
				GCC_WARN_UNUSED_FUNCTION = YES;
				GCC_WARN_UNUSED_VARIABLE = YES;
				IPHONEOS_DEPLOYMENT_TARGET = 12.4;
				MTL_ENABLE_DEBUG_INFO = INCLUDE_SOURCE;
				MTL_FAST_MATH = YES;
				ONLY_ACTIVE_ARCH = YES;
				SDKROOT = iphoneos;
				SWIFT_ACTIVE_COMPILATION_CONDITIONS = DEBUG;
				SWIFT_OPTIMIZATION_LEVEL = "-Onone";
			};
			name = Debug;
		};
		375671BF2305BFDC008B8533 /* Release */ = {
			isa = XCBuildConfiguration;
			buildSettings = {
				ALWAYS_SEARCH_USER_PATHS = NO;
				CLANG_ANALYZER_NONNULL = YES;
				CLANG_ANALYZER_NUMBER_OBJECT_CONVERSION = YES_AGGRESSIVE;
				CLANG_CXX_LANGUAGE_STANDARD = "gnu++14";
				CLANG_CXX_LIBRARY = "libc++";
				CLANG_ENABLE_MODULES = YES;
				CLANG_ENABLE_OBJC_ARC = YES;
				CLANG_ENABLE_OBJC_WEAK = YES;
				CLANG_WARN_BLOCK_CAPTURE_AUTORELEASING = YES;
				CLANG_WARN_BOOL_CONVERSION = YES;
				CLANG_WARN_COMMA = YES;
				CLANG_WARN_CONSTANT_CONVERSION = YES;
				CLANG_WARN_DEPRECATED_OBJC_IMPLEMENTATIONS = YES;
				CLANG_WARN_DIRECT_OBJC_ISA_USAGE = YES_ERROR;
				CLANG_WARN_DOCUMENTATION_COMMENTS = YES;
				CLANG_WARN_EMPTY_BODY = YES;
				CLANG_WARN_ENUM_CONVERSION = YES;
				CLANG_WARN_INFINITE_RECURSION = YES;
				CLANG_WARN_INT_CONVERSION = YES;
				CLANG_WARN_NON_LITERAL_NULL_CONVERSION = YES;
				CLANG_WARN_OBJC_IMPLICIT_RETAIN_SELF = YES;
				CLANG_WARN_OBJC_LITERAL_CONVERSION = YES;
				CLANG_WARN_OBJC_ROOT_CLASS = YES_ERROR;
				CLANG_WARN_RANGE_LOOP_ANALYSIS = YES;
				CLANG_WARN_STRICT_PROTOTYPES = YES;
				CLANG_WARN_SUSPICIOUS_MOVE = YES;
				CLANG_WARN_UNGUARDED_AVAILABILITY = YES_AGGRESSIVE;
				CLANG_WARN_UNREACHABLE_CODE = YES;
				CLANG_WARN__DUPLICATE_METHOD_MATCH = YES;
				CODE_SIGN_IDENTITY = "iPhone Developer";
				COPY_PHASE_STRIP = NO;
				DEBUG_INFORMATION_FORMAT = "dwarf-with-dsym";
				ENABLE_NS_ASSERTIONS = NO;
				ENABLE_STRICT_OBJC_MSGSEND = YES;
				GCC_C_LANGUAGE_STANDARD = gnu11;
				GCC_NO_COMMON_BLOCKS = YES;
				GCC_WARN_64_TO_32_BIT_CONVERSION = YES;
				GCC_WARN_ABOUT_RETURN_TYPE = YES_ERROR;
				GCC_WARN_UNDECLARED_SELECTOR = YES;
				GCC_WARN_UNINITIALIZED_AUTOS = YES_AGGRESSIVE;
				GCC_WARN_UNUSED_FUNCTION = YES;
				GCC_WARN_UNUSED_VARIABLE = YES;
				IPHONEOS_DEPLOYMENT_TARGET = 12.4;
				MTL_ENABLE_DEBUG_INFO = NO;
				MTL_FAST_MATH = YES;
				SDKROOT = iphoneos;
				SWIFT_COMPILATION_MODE = wholemodule;
				SWIFT_OPTIMIZATION_LEVEL = "-O";
				VALIDATE_PRODUCT = YES;
			};
			name = Release;
		};
		375671C12305BFDC008B8533 /* Debug */ = {
			isa = XCBuildConfiguration;
			buildSettings = {
				ASSETCATALOG_COMPILER_APPICON_NAME = AppIcon;
				CODE_SIGN_STYLE = Automatic;
				INFOPLIST_FILE = "$(SRCROOT)/PhotoCollectionProject/Resources/Info.plist";
				LD_RUNPATH_SEARCH_PATHS = (
					"$(inherited)",
					"@executable_path/Frameworks",
				);
				PRODUCT_BUNDLE_IDENTIFIER = com.BobbyKeffury.PhotoCollectionProject;
				PRODUCT_NAME = "$(TARGET_NAME)";
				SWIFT_VERSION = 5.0;
				TARGETED_DEVICE_FAMILY = "1,2";
			};
			name = Debug;
		};
		375671C22305BFDC008B8533 /* Release */ = {
			isa = XCBuildConfiguration;
			buildSettings = {
				ASSETCATALOG_COMPILER_APPICON_NAME = AppIcon;
				CODE_SIGN_STYLE = Automatic;
				INFOPLIST_FILE = "$(SRCROOT)/PhotoCollectionProject/Resources/Info.plist";
				LD_RUNPATH_SEARCH_PATHS = (
					"$(inherited)",
					"@executable_path/Frameworks",
				);
				PRODUCT_BUNDLE_IDENTIFIER = com.BobbyKeffury.PhotoCollectionProject;
				PRODUCT_NAME = "$(TARGET_NAME)";
				SWIFT_VERSION = 5.0;
				TARGETED_DEVICE_FAMILY = "1,2";
			};
			name = Release;
		};
/* End XCBuildConfiguration section */

/* Begin XCConfigurationList section */
		375671A92305BFDB008B8533 /* Build configuration list for PBXProject "PhotoCollectionProject" */ = {
			isa = XCConfigurationList;
			buildConfigurations = (
				375671BE2305BFDC008B8533 /* Debug */,
				375671BF2305BFDC008B8533 /* Release */,
			);
			defaultConfigurationIsVisible = 0;
			defaultConfigurationName = Release;
		};
		375671C02305BFDC008B8533 /* Build configuration list for PBXNativeTarget "PhotoCollectionProject" */ = {
			isa = XCConfigurationList;
			buildConfigurations = (
				375671C12305BFDC008B8533 /* Debug */,
				375671C22305BFDC008B8533 /* Release */,
			);
			defaultConfigurationIsVisible = 0;
			defaultConfigurationName = Release;
		};
/* End XCConfigurationList section */
	};
	rootObject = 375671A62305BFDB008B8533 /* Project object */;
}
